// !$*UTF8*$!
{
	archiveVersion = 1;
	classes = {
	};
	objectVersion = 56;
	objects = {

/* Begin PBXBuildFile section */
		6E4732A02CC9749800DDFB36 /* PuzzleStore.swift in Sources */ = {isa = PBXBuildFile; fileRef = 6E47329F2CC9749800DDFB36 /* PuzzleStore.swift */; };
		6E63E7DE2CC2C3C000183041 /* PuzzleAnnotationView.swift in Sources */ = {isa = PBXBuildFile; fileRef = 6E63E7DD2CC2C3C000183041 /* PuzzleAnnotationView.swift */; };
		6E63E7E02CC2C56B00183041 /* BoardLogic.swift in Sources */ = {isa = PBXBuildFile; fileRef = 6E63E7DF2CC2C56B00183041 /* BoardLogic.swift */; };
		6E8B57CB2CE64D7E00FF5A95 /* MotionService.swift in Sources */ = {isa = PBXBuildFile; fileRef = 6E8B57CA2CE64D7E00FF5A95 /* MotionService.swift */; };
		6E8B57CD2CE651F700FF5A95 /* Profile.swift in Sources */ = {isa = PBXBuildFile; fileRef = 6E8B57CC2CE651F700FF5A95 /* Profile.swift */; };
		A172E7062CE3CC0200938AA2 /* Settings.swift in Sources */ = {isa = PBXBuildFile; fileRef = A172E7052CE3CC0200938AA2 /* Settings.swift */; };
		A19DA20C2CE44F9C00552C80 /* PuzzleRushView.swift in Sources */ = {isa = PBXBuildFile; fileRef = A19DA20B2CE44F9C00552C80 /* PuzzleRushView.swift */; };
		A1BDB7E82CACDD92000FEDA1 /* ChessKit in Frameworks */ = {isa = PBXBuildFile; productRef = A1BDB7E72CACDD92000FEDA1 /* ChessKit */; };
		B626D4E32CC6C05F00C22E4E /* RoundedButtonView.swift in Sources */ = {isa = PBXBuildFile; fileRef = B626D4E22CC6C05F00C22E4E /* RoundedButtonView.swift */; };
		B626D4E72CC6C62800C22E4E /* LeagueSpartan.ttf in Resources */ = {isa = PBXBuildFile; fileRef = B626D4E62CC6C62800C22E4E /* LeagueSpartan.ttf */; };
		B626D4EA2CC6CCC100C22E4E /* Colors.swift in Sources */ = {isa = PBXBuildFile; fileRef = B626D4E92CC6CCBD00C22E4E /* Colors.swift */; };
		B626D4EE2CC72D3D00C22E4E /* HomeButtonView.swift in Sources */ = {isa = PBXBuildFile; fileRef = B626D4ED2CC72D3100C22E4E /* HomeButtonView.swift */; };
		B626D4F02CC7320D00C22E4E /* DefaultButtonView.swift in Sources */ = {isa = PBXBuildFile; fileRef = B626D4EF2CC731F800C22E4E /* DefaultButtonView.swift */; };
		B62DED3C2CD3CB5900E9C987 /* StatsView.swift in Sources */ = {isa = PBXBuildFile; fileRef = B62DED3A2CD3CB5900E9C987 /* StatsView.swift */; };
		B62DED3D2CD3CB5900E9C987 /* UserService.swift in Sources */ = {isa = PBXBuildFile; fileRef = B62DED3B2CD3CB5900E9C987 /* UserService.swift */; };
		B62DED3E2CD3CB5900E9C987 /* ProfileView.swift in Sources */ = {isa = PBXBuildFile; fileRef = B62DED382CD3CB5900E9C987 /* ProfileView.swift */; };
		B62DED3F2CD3CB5900E9C987 /* SettingsView.swift in Sources */ = {isa = PBXBuildFile; fileRef = B62DED392CD3CB5900E9C987 /* SettingsView.swift */; };
		B6BFA55F2CB7062000F1DA5F /* FirebaseAuth in Frameworks */ = {isa = PBXBuildFile; productRef = B6BFA55E2CB7062000F1DA5F /* FirebaseAuth */; };
		B6BFA5612CB7062000F1DA5F /* FirebaseAuthCombine-Community in Frameworks */ = {isa = PBXBuildFile; productRef = B6BFA5602CB7062000F1DA5F /* FirebaseAuthCombine-Community */; };
		B6BFA5632CB7062000F1DA5F /* FirebaseCore in Frameworks */ = {isa = PBXBuildFile; productRef = B6BFA5622CB7062000F1DA5F /* FirebaseCore */; };
		B6BFA5652CB7062000F1DA5F /* FirebaseDatabase in Frameworks */ = {isa = PBXBuildFile; productRef = B6BFA5642CB7062000F1DA5F /* FirebaseDatabase */; };
		B6BFA5672CB7062000F1DA5F /* FirebaseFirestore in Frameworks */ = {isa = PBXBuildFile; productRef = B6BFA5662CB7062000F1DA5F /* FirebaseFirestore */; };
		B6BFA5692CB7062000F1DA5F /* FirebaseFirestoreCombine-Community in Frameworks */ = {isa = PBXBuildFile; productRef = B6BFA5682CB7062000F1DA5F /* FirebaseFirestoreCombine-Community */; };
		B6BFA56B2CB7062000F1DA5F /* FirebaseFunctions in Frameworks */ = {isa = PBXBuildFile; productRef = B6BFA56A2CB7062000F1DA5F /* FirebaseFunctions */; };
		B6BFA56D2CB7062000F1DA5F /* FirebaseStorage in Frameworks */ = {isa = PBXBuildFile; productRef = B6BFA56C2CB7062000F1DA5F /* FirebaseStorage */; };
		B6BFA56F2CB7062000F1DA5F /* FirebaseStorageCombine-Community in Frameworks */ = {isa = PBXBuildFile; productRef = B6BFA56E2CB7062000F1DA5F /* FirebaseStorageCombine-Community */; };
		B6E5D79A2CB7073700DF5139 /* FirebaseService.swift in Sources */ = {isa = PBXBuildFile; fileRef = B6E5D7992CB7073100DF5139 /* FirebaseService.swift */; };
		B6E5D79C2CB7074000DF5139 /* DBError.swift in Sources */ = {isa = PBXBuildFile; fileRef = B6E5D79B2CB7073C00DF5139 /* DBError.swift */; };
		B6E5D79E2CB7074800DF5139 /* LoginView.swift in Sources */ = {isa = PBXBuildFile; fileRef = B6E5D79D2CB7074300DF5139 /* LoginView.swift */; };
		B6EFACCA2CC02188003DF466 /* MapView.swift in Sources */ = {isa = PBXBuildFile; fileRef = B6EFACC92CC02188003DF466 /* MapView.swift */; };
		B6EFACCB2CC02188003DF466 /* LocationService.swift in Sources */ = {isa = PBXBuildFile; fileRef = B6EFACC82CC02188003DF466 /* LocationService.swift */; };
		B6EFACCD2CC02670003DF466 /* RootView.swift in Sources */ = {isa = PBXBuildFile; fileRef = B6EFACCC2CC0266C003DF466 /* RootView.swift */; };
		DB06DB6B2CAEEBE400CBE7F3 /* ChessLogic.swift in Sources */ = {isa = PBXBuildFile; fileRef = DB06DB6A2CAEEBE400CBE7F3 /* ChessLogic.swift */; };
		DB11FB262CEB083900B3BED7 /* GoogleService-Info.plist in Resources */ = {isa = PBXBuildFile; fileRef = DB11FB252CEB083900B3BED7 /* GoogleService-Info.plist */; };
		DB11FB282CEBA83500B3BED7 /* Constants.swift in Sources */ = {isa = PBXBuildFile; fileRef = DB11FB272CEBA83500B3BED7 /* Constants.swift */; };
		DB146E4A2CA5A10C00A145B7 /* ChessUIApp.swift in Sources */ = {isa = PBXBuildFile; fileRef = DB146E492CA5A10C00A145B7 /* ChessUIApp.swift */; };
		DB146E4C2CA5A10C00A145B7 /* PuzzleView.swift in Sources */ = {isa = PBXBuildFile; fileRef = DB146E4B2CA5A10C00A145B7 /* PuzzleView.swift */; };
		DB146E4E2CA5A10E00A145B7 /* Assets.xcassets in Resources */ = {isa = PBXBuildFile; fileRef = DB146E4D2CA5A10E00A145B7 /* Assets.xcassets */; };
		DB146E512CA5A10E00A145B7 /* Preview Assets.xcassets in Resources */ = {isa = PBXBuildFile; fileRef = DB146E502CA5A10E00A145B7 /* Preview Assets.xcassets */; };
		DBD9DA0D2CD938A10003648B /* GameOverView.swift in Sources */ = {isa = PBXBuildFile; fileRef = DBD9DA0C2CD938A10003648B /* GameOverView.swift */; };
/* End PBXBuildFile section */

/* Begin PBXFileReference section */
		6E47329F2CC9749800DDFB36 /* PuzzleStore.swift */ = {isa = PBXFileReference; lastKnownFileType = sourcecode.swift; path = PuzzleStore.swift; sourceTree = "<group>"; };
		6E63E7DD2CC2C3C000183041 /* PuzzleAnnotationView.swift */ = {isa = PBXFileReference; lastKnownFileType = sourcecode.swift; path = PuzzleAnnotationView.swift; sourceTree = "<group>"; };
		6E63E7DF2CC2C56B00183041 /* BoardLogic.swift */ = {isa = PBXFileReference; fileEncoding = 4; lastKnownFileType = sourcecode.swift; path = BoardLogic.swift; sourceTree = "<group>"; };
		6E8B57CA2CE64D7E00FF5A95 /* MotionService.swift */ = {isa = PBXFileReference; lastKnownFileType = sourcecode.swift; path = MotionService.swift; sourceTree = "<group>"; };
		6E8B57CC2CE651F700FF5A95 /* Profile.swift */ = {isa = PBXFileReference; lastKnownFileType = sourcecode.swift; path = Profile.swift; sourceTree = "<group>"; };
		A172E7052CE3CC0200938AA2 /* Settings.swift */ = {isa = PBXFileReference; lastKnownFileType = sourcecode.swift; path = Settings.swift; sourceTree = "<group>"; };
		A19DA20B2CE44F9C00552C80 /* PuzzleRushView.swift */ = {isa = PBXFileReference; lastKnownFileType = sourcecode.swift; path = PuzzleRushView.swift; sourceTree = "<group>"; };
		B626D4E22CC6C05F00C22E4E /* RoundedButtonView.swift */ = {isa = PBXFileReference; lastKnownFileType = sourcecode.swift; path = RoundedButtonView.swift; sourceTree = "<group>"; };
		B626D4E62CC6C62800C22E4E /* LeagueSpartan.ttf */ = {isa = PBXFileReference; lastKnownFileType = file; path = LeagueSpartan.ttf; sourceTree = "<group>"; };
		B626D4E82CC6C65300C22E4E /* Info.plist */ = {isa = PBXFileReference; lastKnownFileType = text.plist; path = Info.plist; sourceTree = "<group>"; };
		B626D4E92CC6CCBD00C22E4E /* Colors.swift */ = {isa = PBXFileReference; lastKnownFileType = sourcecode.swift; path = Colors.swift; sourceTree = "<group>"; };
		B626D4ED2CC72D3100C22E4E /* HomeButtonView.swift */ = {isa = PBXFileReference; lastKnownFileType = sourcecode.swift; path = HomeButtonView.swift; sourceTree = "<group>"; };
		B626D4EF2CC731F800C22E4E /* DefaultButtonView.swift */ = {isa = PBXFileReference; lastKnownFileType = sourcecode.swift; path = DefaultButtonView.swift; sourceTree = "<group>"; };
		B62DED382CD3CB5900E9C987 /* ProfileView.swift */ = {isa = PBXFileReference; lastKnownFileType = sourcecode.swift; path = ProfileView.swift; sourceTree = "<group>"; };
		B62DED392CD3CB5900E9C987 /* SettingsView.swift */ = {isa = PBXFileReference; lastKnownFileType = sourcecode.swift; path = SettingsView.swift; sourceTree = "<group>"; };
		B62DED3A2CD3CB5900E9C987 /* StatsView.swift */ = {isa = PBXFileReference; lastKnownFileType = sourcecode.swift; path = StatsView.swift; sourceTree = "<group>"; };
		B62DED3B2CD3CB5900E9C987 /* UserService.swift */ = {isa = PBXFileReference; lastKnownFileType = sourcecode.swift; path = UserService.swift; sourceTree = "<group>"; };
		B6E5D7992CB7073100DF5139 /* FirebaseService.swift */ = {isa = PBXFileReference; lastKnownFileType = sourcecode.swift; path = FirebaseService.swift; sourceTree = "<group>"; };
		B6E5D79B2CB7073C00DF5139 /* DBError.swift */ = {isa = PBXFileReference; lastKnownFileType = sourcecode.swift; path = DBError.swift; sourceTree = "<group>"; };
		B6E5D79D2CB7074300DF5139 /* LoginView.swift */ = {isa = PBXFileReference; lastKnownFileType = sourcecode.swift; path = LoginView.swift; sourceTree = "<group>"; };
		B6EFACC82CC02188003DF466 /* LocationService.swift */ = {isa = PBXFileReference; lastKnownFileType = sourcecode.swift; path = LocationService.swift; sourceTree = "<group>"; };
		B6EFACC92CC02188003DF466 /* MapView.swift */ = {isa = PBXFileReference; lastKnownFileType = sourcecode.swift; path = MapView.swift; sourceTree = "<group>"; };
		B6EFACCC2CC0266C003DF466 /* RootView.swift */ = {isa = PBXFileReference; lastKnownFileType = sourcecode.swift; path = RootView.swift; sourceTree = "<group>"; };
		DB06DB6A2CAEEBE400CBE7F3 /* ChessLogic.swift */ = {isa = PBXFileReference; lastKnownFileType = sourcecode.swift; path = ChessLogic.swift; sourceTree = "<group>"; };
		DB11FB252CEB083900B3BED7 /* GoogleService-Info.plist */ = {isa = PBXFileReference; fileEncoding = 4; lastKnownFileType = text.plist.xml; path = "GoogleService-Info.plist"; sourceTree = SOURCE_ROOT; };
		DB11FB272CEBA83500B3BED7 /* Constants.swift */ = {isa = PBXFileReference; lastKnownFileType = sourcecode.swift; path = Constants.swift; sourceTree = "<group>"; };
		DB146E462CA5A10C00A145B7 /* ChessUI.app */ = {isa = PBXFileReference; explicitFileType = wrapper.application; includeInIndex = 0; path = ChessUI.app; sourceTree = BUILT_PRODUCTS_DIR; };
		DB146E492CA5A10C00A145B7 /* ChessUIApp.swift */ = {isa = PBXFileReference; lastKnownFileType = sourcecode.swift; path = ChessUIApp.swift; sourceTree = "<group>"; };
		DB146E4B2CA5A10C00A145B7 /* PuzzleView.swift */ = {isa = PBXFileReference; lastKnownFileType = sourcecode.swift; path = PuzzleView.swift; sourceTree = "<group>"; };
		DB146E4D2CA5A10E00A145B7 /* Assets.xcassets */ = {isa = PBXFileReference; lastKnownFileType = folder.assetcatalog; path = Assets.xcassets; sourceTree = "<group>"; };
		DB146E502CA5A10E00A145B7 /* Preview Assets.xcassets */ = {isa = PBXFileReference; lastKnownFileType = folder.assetcatalog; path = "Preview Assets.xcassets"; sourceTree = "<group>"; };
		DBD9DA0C2CD938A10003648B /* GameOverView.swift */ = {isa = PBXFileReference; lastKnownFileType = sourcecode.swift; path = GameOverView.swift; sourceTree = "<group>"; };
/* End PBXFileReference section */

/* Begin PBXFrameworksBuildPhase section */
		DB146E432CA5A10C00A145B7 /* Frameworks */ = {
			isa = PBXFrameworksBuildPhase;
			buildActionMask = 2147483647;
			files = (
				B6BFA5652CB7062000F1DA5F /* FirebaseDatabase in Frameworks */,
				A1BDB7E82CACDD92000FEDA1 /* ChessKit in Frameworks */,
				B6BFA56F2CB7062000F1DA5F /* FirebaseStorageCombine-Community in Frameworks */,
				B6BFA56D2CB7062000F1DA5F /* FirebaseStorage in Frameworks */,
				B6BFA5612CB7062000F1DA5F /* FirebaseAuthCombine-Community in Frameworks */,
				B6BFA56B2CB7062000F1DA5F /* FirebaseFunctions in Frameworks */,
				B6BFA5632CB7062000F1DA5F /* FirebaseCore in Frameworks */,
				B6BFA55F2CB7062000F1DA5F /* FirebaseAuth in Frameworks */,
				B6BFA5672CB7062000F1DA5F /* FirebaseFirestore in Frameworks */,
				B6BFA5692CB7062000F1DA5F /* FirebaseFirestoreCombine-Community in Frameworks */,
			);
			runOnlyForDeploymentPostprocessing = 0;
		};
/* End PBXFrameworksBuildPhase section */

/* Begin PBXGroup section */
		A1AC308F2CDD430900FA1C54 /* Puzzle */ = {
			isa = PBXGroup;
			children = (
				DB146E4B2CA5A10C00A145B7 /* PuzzleView.swift */,
				A19DA20B2CE44F9C00552C80 /* PuzzleRushView.swift */,
				6E63E7DF2CC2C56B00183041 /* BoardLogic.swift */,
				DBD9DA0C2CD938A10003648B /* GameOverView.swift */,
				DB06DB6A2CAEEBE400CBE7F3 /* ChessLogic.swift */,
			);
			path = Puzzle;
			sourceTree = "<group>";
		};
		A1AC30902CDD431200FA1C54 /* Map */ = {
			isa = PBXGroup;
			children = (
				B6EFACC92CC02188003DF466 /* MapView.swift */,
				B6EFACC82CC02188003DF466 /* LocationService.swift */,
				6E63E7DD2CC2C3C000183041 /* PuzzleAnnotationView.swift */,
				6E47329F2CC9749800DDFB36 /* PuzzleStore.swift */,
				6E8B57CA2CE64D7E00FF5A95 /* MotionService.swift */,
			);
			path = Map;
			sourceTree = "<group>";
		};
		A1AC30912CDD431600FA1C54 /* Firebase */ = {
			isa = PBXGroup;
			children = (
				B6E5D7992CB7073100DF5139 /* FirebaseService.swift */,
				B6E5D79D2CB7074300DF5139 /* LoginView.swift */,
				B62DED3B2CD3CB5900E9C987 /* UserService.swift */,
				B6E5D79B2CB7073C00DF5139 /* DBError.swift */,
			);
			path = Firebase;
			sourceTree = "<group>";
		};
		A1AC30922CDD431D00FA1C54 /* App */ = {
			isa = PBXGroup;
			children = (
				DB146E492CA5A10C00A145B7 /* ChessUIApp.swift */,
				B6EFACCC2CC0266C003DF466 /* RootView.swift */,
				B626D4E92CC6CCBD00C22E4E /* Colors.swift */,
				DB11FB272CEBA83500B3BED7 /* Constants.swift */,
			);
			path = App;
			sourceTree = "<group>";
		};
		A1AC30932CDD43C600FA1C54 /* SubViews */ = {
			isa = PBXGroup;
			children = (
				B62DED382CD3CB5900E9C987 /* ProfileView.swift */,
				6E8B57CC2CE651F700FF5A95 /* Profile.swift */,
				B62DED392CD3CB5900E9C987 /* SettingsView.swift */,
				A172E7052CE3CC0200938AA2 /* Settings.swift */,
				B62DED3A2CD3CB5900E9C987 /* StatsView.swift */,
				B626D4EF2CC731F800C22E4E /* DefaultButtonView.swift */,
				B626D4ED2CC72D3100C22E4E /* HomeButtonView.swift */,
				B626D4E22CC6C05F00C22E4E /* RoundedButtonView.swift */,
			);
			path = SubViews;
			sourceTree = "<group>";
		};
		DB146E3D2CA5A10C00A145B7 = {
			isa = PBXGroup;
			children = (
				DB146E482CA5A10C00A145B7 /* ChessUI */,
				DB146E472CA5A10C00A145B7 /* Products */,
			);
			sourceTree = "<group>";
		};
		DB146E472CA5A10C00A145B7 /* Products */ = {
			isa = PBXGroup;
			children = (
				DB146E462CA5A10C00A145B7 /* ChessUI.app */,
			);
			name = Products;
			sourceTree = "<group>";
		};
		DB146E482CA5A10C00A145B7 /* ChessUI */ = {
			isa = PBXGroup;
			children = (
				DB11FB252CEB083900B3BED7 /* GoogleService-Info.plist */,
				A1AC30922CDD431D00FA1C54 /* App */,
				A1AC30912CDD431600FA1C54 /* Firebase */,
				A1AC30902CDD431200FA1C54 /* Map */,
				A1AC308F2CDD430900FA1C54 /* Puzzle */,
				A1AC30932CDD43C600FA1C54 /* SubViews */,
				B626D4E82CC6C65300C22E4E /* Info.plist */,
				B626D4E62CC6C62800C22E4E /* LeagueSpartan.ttf */,
				DB146E4D2CA5A10E00A145B7 /* Assets.xcassets */,
				DB146E4F2CA5A10E00A145B7 /* Preview Content */,
			);
			path = ChessUI;
			sourceTree = "<group>";
		};
		DB146E4F2CA5A10E00A145B7 /* Preview Content */ = {
			isa = PBXGroup;
			children = (
				DB146E502CA5A10E00A145B7 /* Preview Assets.xcassets */,
			);
			path = "Preview Content";
			sourceTree = "<group>";
		};
/* End PBXGroup section */

/* Begin PBXNativeTarget section */
		DB146E452CA5A10C00A145B7 /* ChessUI */ = {
			isa = PBXNativeTarget;
			buildConfigurationList = DB146E542CA5A10E00A145B7 /* Build configuration list for PBXNativeTarget "ChessUI" */;
			buildPhases = (
				DB146E422CA5A10C00A145B7 /* Sources */,
				DB146E432CA5A10C00A145B7 /* Frameworks */,
				DB146E442CA5A10C00A145B7 /* Resources */,
			);
			buildRules = (
			);
			dependencies = (
			);
			name = ChessUI;
			packageProductDependencies = (
				A1BDB7E72CACDD92000FEDA1 /* ChessKit */,
				B6BFA55E2CB7062000F1DA5F /* FirebaseAuth */,
				B6BFA5602CB7062000F1DA5F /* FirebaseAuthCombine-Community */,
				B6BFA5622CB7062000F1DA5F /* FirebaseCore */,
				B6BFA5642CB7062000F1DA5F /* FirebaseDatabase */,
				B6BFA5662CB7062000F1DA5F /* FirebaseFirestore */,
				B6BFA5682CB7062000F1DA5F /* FirebaseFirestoreCombine-Community */,
				B6BFA56A2CB7062000F1DA5F /* FirebaseFunctions */,
				B6BFA56C2CB7062000F1DA5F /* FirebaseStorage */,
				B6BFA56E2CB7062000F1DA5F /* FirebaseStorageCombine-Community */,
			);
			productName = ChessUI;
			productReference = DB146E462CA5A10C00A145B7 /* ChessUI.app */;
			productType = "com.apple.product-type.application";
		};
/* End PBXNativeTarget section */

/* Begin PBXProject section */
		DB146E3E2CA5A10C00A145B7 /* Project object */ = {
			isa = PBXProject;
			attributes = {
				BuildIndependentTargetsInParallel = 1;
				LastSwiftUpdateCheck = 1540;
				LastUpgradeCheck = 1540;
				TargetAttributes = {
					DB146E452CA5A10C00A145B7 = {
						CreatedOnToolsVersion = 15.4;
					};
				};
			};
			buildConfigurationList = DB146E412CA5A10C00A145B7 /* Build configuration list for PBXProject "ChessUI" */;
			compatibilityVersion = "Xcode 14.0";
			developmentRegion = en;
			hasScannedForEncodings = 0;
			knownRegions = (
				en,
				Base,
			);
			mainGroup = DB146E3D2CA5A10C00A145B7;
			packageReferences = (
				A1BDB7E62CACDD92000FEDA1 /* XCRemoteSwiftPackageReference "chesskit-swift" */,
				B6BFA55D2CB7062000F1DA5F /* XCRemoteSwiftPackageReference "firebase-ios-sdk" */,
			);
			productRefGroup = DB146E472CA5A10C00A145B7 /* Products */;
			projectDirPath = "";
			projectRoot = "";
			targets = (
				DB146E452CA5A10C00A145B7 /* ChessUI */,
			);
		};
/* End PBXProject section */

/* Begin PBXResourcesBuildPhase section */
		DB146E442CA5A10C00A145B7 /* Resources */ = {
			isa = PBXResourcesBuildPhase;
			buildActionMask = 2147483647;
			files = (
				DB146E512CA5A10E00A145B7 /* Preview Assets.xcassets in Resources */,
				DB11FB262CEB083900B3BED7 /* GoogleService-Info.plist in Resources */,
				B626D4E72CC6C62800C22E4E /* LeagueSpartan.ttf in Resources */,
				DB146E4E2CA5A10E00A145B7 /* Assets.xcassets in Resources */,
			);
			runOnlyForDeploymentPostprocessing = 0;
		};
/* End PBXResourcesBuildPhase section */

/* Begin PBXSourcesBuildPhase section */
		DB146E422CA5A10C00A145B7 /* Sources */ = {
			isa = PBXSourcesBuildPhase;
			buildActionMask = 2147483647;
			files = (
				B6E5D79C2CB7074000DF5139 /* DBError.swift in Sources */,
				B6E5D79E2CB7074800DF5139 /* LoginView.swift in Sources */,
				DBD9DA0D2CD938A10003648B /* GameOverView.swift in Sources */,
				DB146E4C2CA5A10C00A145B7 /* PuzzleView.swift in Sources */,
				B626D4EA2CC6CCC100C22E4E /* Colors.swift in Sources */,
				6E8B57CB2CE64D7E00FF5A95 /* MotionService.swift in Sources */,
				B6EFACCA2CC02188003DF466 /* MapView.swift in Sources */,
				DB11FB282CEBA83500B3BED7 /* Constants.swift in Sources */,
				B6EFACCD2CC02670003DF466 /* RootView.swift in Sources */,
				B6EFACCB2CC02188003DF466 /* LocationService.swift in Sources */,
				B626D4EE2CC72D3D00C22E4E /* HomeButtonView.swift in Sources */,
				B6E5D79A2CB7073700DF5139 /* FirebaseService.swift in Sources */,
				DB146E4A2CA5A10C00A145B7 /* ChessUIApp.swift in Sources */,
				6E63E7E02CC2C56B00183041 /* BoardLogic.swift in Sources */,
				6E4732A02CC9749800DDFB36 /* PuzzleStore.swift in Sources */,
				B62DED3C2CD3CB5900E9C987 /* StatsView.swift in Sources */,
				B62DED3D2CD3CB5900E9C987 /* UserService.swift in Sources */,
				6E8B57CD2CE651F700FF5A95 /* Profile.swift in Sources */,
				B62DED3E2CD3CB5900E9C987 /* ProfileView.swift in Sources */,
				B62DED3F2CD3CB5900E9C987 /* SettingsView.swift in Sources */,
				6E63E7DE2CC2C3C000183041 /* PuzzleAnnotationView.swift in Sources */,
				DB06DB6B2CAEEBE400CBE7F3 /* ChessLogic.swift in Sources */,
				B626D4F02CC7320D00C22E4E /* DefaultButtonView.swift in Sources */,
				A172E7062CE3CC0200938AA2 /* Settings.swift in Sources */,
				B626D4E32CC6C05F00C22E4E /* RoundedButtonView.swift in Sources */,
				A19DA20C2CE44F9C00552C80 /* PuzzleRushView.swift in Sources */,
			);
			runOnlyForDeploymentPostprocessing = 0;
		};
/* End PBXSourcesBuildPhase section */

/* Begin XCBuildConfiguration section */
		DB146E522CA5A10E00A145B7 /* Debug */ = {
			isa = XCBuildConfiguration;
			buildSettings = {
				ALWAYS_SEARCH_USER_PATHS = NO;
				ASSETCATALOG_COMPILER_GENERATE_SWIFT_ASSET_SYMBOL_EXTENSIONS = YES;
				CLANG_ANALYZER_NONNULL = YES;
				CLANG_ANALYZER_NUMBER_OBJECT_CONVERSION = YES_AGGRESSIVE;
				CLANG_CXX_LANGUAGE_STANDARD = "gnu++20";
				CLANG_ENABLE_MODULES = YES;
				CLANG_ENABLE_OBJC_ARC = YES;
				CLANG_ENABLE_OBJC_WEAK = YES;
				CLANG_WARN_BLOCK_CAPTURE_AUTORELEASING = YES;
				CLANG_WARN_BOOL_CONVERSION = YES;
				CLANG_WARN_COMMA = YES;
				CLANG_WARN_CONSTANT_CONVERSION = YES;
				CLANG_WARN_DEPRECATED_OBJC_IMPLEMENTATIONS = YES;
				CLANG_WARN_DIRECT_OBJC_ISA_USAGE = YES_ERROR;
				CLANG_WARN_DOCUMENTATION_COMMENTS = YES;
				CLANG_WARN_EMPTY_BODY = YES;
				CLANG_WARN_ENUM_CONVERSION = YES;
				CLANG_WARN_INFINITE_RECURSION = YES;
				CLANG_WARN_INT_CONVERSION = YES;
				CLANG_WARN_NON_LITERAL_NULL_CONVERSION = YES;
				CLANG_WARN_OBJC_IMPLICIT_RETAIN_SELF = YES;
				CLANG_WARN_OBJC_LITERAL_CONVERSION = YES;
				CLANG_WARN_OBJC_ROOT_CLASS = YES_ERROR;
				CLANG_WARN_QUOTED_INCLUDE_IN_FRAMEWORK_HEADER = YES;
				CLANG_WARN_RANGE_LOOP_ANALYSIS = YES;
				CLANG_WARN_STRICT_PROTOTYPES = YES;
				CLANG_WARN_SUSPICIOUS_MOVE = YES;
				CLANG_WARN_UNGUARDED_AVAILABILITY = YES_AGGRESSIVE;
				CLANG_WARN_UNREACHABLE_CODE = YES;
				CLANG_WARN__DUPLICATE_METHOD_MATCH = YES;
				COPY_PHASE_STRIP = NO;
				DEBUG_INFORMATION_FORMAT = dwarf;
				ENABLE_STRICT_OBJC_MSGSEND = YES;
				ENABLE_TESTABILITY = YES;
				ENABLE_USER_SCRIPT_SANDBOXING = YES;
				GCC_C_LANGUAGE_STANDARD = gnu17;
				GCC_DYNAMIC_NO_PIC = NO;
				GCC_NO_COMMON_BLOCKS = YES;
				GCC_OPTIMIZATION_LEVEL = 0;
				GCC_PREPROCESSOR_DEFINITIONS = (
					"DEBUG=1",
					"$(inherited)",
				);
				GCC_WARN_64_TO_32_BIT_CONVERSION = YES;
				GCC_WARN_ABOUT_RETURN_TYPE = YES_ERROR;
				GCC_WARN_UNDECLARED_SELECTOR = YES;
				GCC_WARN_UNINITIALIZED_AUTOS = YES_AGGRESSIVE;
				GCC_WARN_UNUSED_FUNCTION = YES;
				GCC_WARN_UNUSED_VARIABLE = YES;
				IPHONEOS_DEPLOYMENT_TARGET = 17.5;
				LOCALIZATION_PREFERS_STRING_CATALOGS = YES;
				MTL_ENABLE_DEBUG_INFO = INCLUDE_SOURCE;
				MTL_FAST_MATH = YES;
				ONLY_ACTIVE_ARCH = YES;
				SDKROOT = iphoneos;
				SWIFT_ACTIVE_COMPILATION_CONDITIONS = "DEBUG $(inherited)";
				SWIFT_OPTIMIZATION_LEVEL = "-Onone";
			};
			name = Debug;
		};
		DB146E532CA5A10E00A145B7 /* Release */ = {
			isa = XCBuildConfiguration;
			buildSettings = {
				ALWAYS_SEARCH_USER_PATHS = NO;
				ASSETCATALOG_COMPILER_GENERATE_SWIFT_ASSET_SYMBOL_EXTENSIONS = YES;
				CLANG_ANALYZER_NONNULL = YES;
				CLANG_ANALYZER_NUMBER_OBJECT_CONVERSION = YES_AGGRESSIVE;
				CLANG_CXX_LANGUAGE_STANDARD = "gnu++20";
				CLANG_ENABLE_MODULES = YES;
				CLANG_ENABLE_OBJC_ARC = YES;
				CLANG_ENABLE_OBJC_WEAK = YES;
				CLANG_WARN_BLOCK_CAPTURE_AUTORELEASING = YES;
				CLANG_WARN_BOOL_CONVERSION = YES;
				CLANG_WARN_COMMA = YES;
				CLANG_WARN_CONSTANT_CONVERSION = YES;
				CLANG_WARN_DEPRECATED_OBJC_IMPLEMENTATIONS = YES;
				CLANG_WARN_DIRECT_OBJC_ISA_USAGE = YES_ERROR;
				CLANG_WARN_DOCUMENTATION_COMMENTS = YES;
				CLANG_WARN_EMPTY_BODY = YES;
				CLANG_WARN_ENUM_CONVERSION = YES;
				CLANG_WARN_INFINITE_RECURSION = YES;
				CLANG_WARN_INT_CONVERSION = YES;
				CLANG_WARN_NON_LITERAL_NULL_CONVERSION = YES;
				CLANG_WARN_OBJC_IMPLICIT_RETAIN_SELF = YES;
				CLANG_WARN_OBJC_LITERAL_CONVERSION = YES;
				CLANG_WARN_OBJC_ROOT_CLASS = YES_ERROR;
				CLANG_WARN_QUOTED_INCLUDE_IN_FRAMEWORK_HEADER = YES;
				CLANG_WARN_RANGE_LOOP_ANALYSIS = YES;
				CLANG_WARN_STRICT_PROTOTYPES = YES;
				CLANG_WARN_SUSPICIOUS_MOVE = YES;
				CLANG_WARN_UNGUARDED_AVAILABILITY = YES_AGGRESSIVE;
				CLANG_WARN_UNREACHABLE_CODE = YES;
				CLANG_WARN__DUPLICATE_METHOD_MATCH = YES;
				COPY_PHASE_STRIP = NO;
				DEBUG_INFORMATION_FORMAT = "dwarf-with-dsym";
				ENABLE_NS_ASSERTIONS = NO;
				ENABLE_STRICT_OBJC_MSGSEND = YES;
				ENABLE_USER_SCRIPT_SANDBOXING = YES;
				GCC_C_LANGUAGE_STANDARD = gnu17;
				GCC_NO_COMMON_BLOCKS = YES;
				GCC_WARN_64_TO_32_BIT_CONVERSION = YES;
				GCC_WARN_ABOUT_RETURN_TYPE = YES_ERROR;
				GCC_WARN_UNDECLARED_SELECTOR = YES;
				GCC_WARN_UNINITIALIZED_AUTOS = YES_AGGRESSIVE;
				GCC_WARN_UNUSED_FUNCTION = YES;
				GCC_WARN_UNUSED_VARIABLE = YES;
				IPHONEOS_DEPLOYMENT_TARGET = 17.5;
				LOCALIZATION_PREFERS_STRING_CATALOGS = YES;
				MTL_ENABLE_DEBUG_INFO = NO;
				MTL_FAST_MATH = YES;
				SDKROOT = iphoneos;
				SWIFT_COMPILATION_MODE = wholemodule;
				VALIDATE_PRODUCT = YES;
			};
			name = Release;
		};
		DB146E552CA5A10E00A145B7 /* Debug */ = {
			isa = XCBuildConfiguration;
			buildSettings = {
				ASSETCATALOG_COMPILER_APPICON_NAME = AppIcon;
				ASSETCATALOG_COMPILER_GLOBAL_ACCENT_COLOR_NAME = AccentColor;
				CODE_SIGN_STYLE = Automatic;
				CURRENT_PROJECT_VERSION = 1;
				DEVELOPMENT_ASSET_PATHS = "\"ChessUI/Preview Content\"";
				DEVELOPMENT_TEAM = "";
				ENABLE_PREVIEWS = YES;
				GENERATE_INFOPLIST_FILE = YES;
				INFOPLIST_FILE = ChessUI/Info.plist;
				INFOPLIST_KEY_LSApplicationCategoryType = "";
				INFOPLIST_KEY_NSLocationWhenInUseUsageDescription = "";
				INFOPLIST_KEY_UIApplicationSceneManifest_Generation = YES;
				INFOPLIST_KEY_UIApplicationSupportsIndirectInputEvents = YES;
				INFOPLIST_KEY_UILaunchScreen_Generation = YES;
				INFOPLIST_KEY_UISupportedInterfaceOrientations_iPad = "UIInterfaceOrientationPortrait UIInterfaceOrientationPortraitUpsideDown UIInterfaceOrientationLandscapeLeft UIInterfaceOrientationLandscapeRight";
				INFOPLIST_KEY_UISupportedInterfaceOrientations_iPhone = "UIInterfaceOrientationPortrait UIInterfaceOrientationLandscapeLeft UIInterfaceOrientationLandscapeRight";
				IPHONEOS_DEPLOYMENT_TARGET = 17.5;
				LD_RUNPATH_SEARCH_PATHS = (
					"$(inherited)",
					"@executable_path/Frameworks",
				);
				MARKETING_VERSION = 1.0;
				PRODUCT_BUNDLE_IDENTIFIER = com.example.jamie.ChessUI;
				PRODUCT_NAME = "$(TARGET_NAME)";
				SWIFT_EMIT_LOC_STRINGS = YES;
				SWIFT_VERSION = 5.0;
				TARGETED_DEVICE_FAMILY = "1,2";
			};
			name = Debug;
		};
		DB146E562CA5A10E00A145B7 /* Release */ = {
			isa = XCBuildConfiguration;
			buildSettings = {
				ASSETCATALOG_COMPILER_APPICON_NAME = AppIcon;
				ASSETCATALOG_COMPILER_GLOBAL_ACCENT_COLOR_NAME = AccentColor;
				CODE_SIGN_STYLE = Automatic;
				CURRENT_PROJECT_VERSION = 1;
				DEVELOPMENT_ASSET_PATHS = "\"ChessUI/Preview Content\"";
				DEVELOPMENT_TEAM = "";
				ENABLE_PREVIEWS = YES;
				GENERATE_INFOPLIST_FILE = YES;
				INFOPLIST_FILE = ChessUI/Info.plist;
				INFOPLIST_KEY_LSApplicationCategoryType = "";
				INFOPLIST_KEY_NSLocationWhenInUseUsageDescription = "";
				INFOPLIST_KEY_UIApplicationSceneManifest_Generation = YES;
				INFOPLIST_KEY_UIApplicationSupportsIndirectInputEvents = YES;
				INFOPLIST_KEY_UILaunchScreen_Generation = YES;
				INFOPLIST_KEY_UISupportedInterfaceOrientations_iPad = "UIInterfaceOrientationPortrait UIInterfaceOrientationPortraitUpsideDown UIInterfaceOrientationLandscapeLeft UIInterfaceOrientationLandscapeRight";
				INFOPLIST_KEY_UISupportedInterfaceOrientations_iPhone = "UIInterfaceOrientationPortrait UIInterfaceOrientationLandscapeLeft UIInterfaceOrientationLandscapeRight";
				IPHONEOS_DEPLOYMENT_TARGET = 17.5;
				LD_RUNPATH_SEARCH_PATHS = (
					"$(inherited)",
					"@executable_path/Frameworks",
				);
				MARKETING_VERSION = 1.0;
				PRODUCT_BUNDLE_IDENTIFIER = com.example.jamie.ChessUI;
				PRODUCT_NAME = "$(TARGET_NAME)";
				SWIFT_EMIT_LOC_STRINGS = YES;
				SWIFT_VERSION = 5.0;
				TARGETED_DEVICE_FAMILY = "1,2";
			};
			name = Release;
		};
/* End XCBuildConfiguration section */

/* Begin XCConfigurationList section */
		DB146E412CA5A10C00A145B7 /* Build configuration list for PBXProject "ChessUI" */ = {
			isa = XCConfigurationList;
			buildConfigurations = (
				DB146E522CA5A10E00A145B7 /* Debug */,
				DB146E532CA5A10E00A145B7 /* Release */,
			);
			defaultConfigurationIsVisible = 0;
			defaultConfigurationName = Release;
		};
		DB146E542CA5A10E00A145B7 /* Build configuration list for PBXNativeTarget "ChessUI" */ = {
			isa = XCConfigurationList;
			buildConfigurations = (
				DB146E552CA5A10E00A145B7 /* Debug */,
				DB146E562CA5A10E00A145B7 /* Release */,
			);
			defaultConfigurationIsVisible = 0;
			defaultConfigurationName = Release;
		};
/* End XCConfigurationList section */

/* Begin XCRemoteSwiftPackageReference section */
		A1BDB7E62CACDD92000FEDA1 /* XCRemoteSwiftPackageReference "chesskit-swift" */ = {
			isa = XCRemoteSwiftPackageReference;
			repositoryURL = "https://github.com/chesskit-app/chesskit-swift.git";
			requirement = {
				kind = upToNextMajorVersion;
				minimumVersion = 0.12.1;
			};
		};
		B6BFA55D2CB7062000F1DA5F /* XCRemoteSwiftPackageReference "firebase-ios-sdk" */ = {
			isa = XCRemoteSwiftPackageReference;
			repositoryURL = "https://github.com/firebase/firebase-ios-sdk";
			requirement = {
				kind = upToNextMajorVersion;
				minimumVersion = 11.3.0;
			};
		};
/* End XCRemoteSwiftPackageReference section */

/* Begin XCSwiftPackageProductDependency section */
		A1BDB7E72CACDD92000FEDA1 /* ChessKit */ = {
			isa = XCSwiftPackageProductDependency;
			package = A1BDB7E62CACDD92000FEDA1 /* XCRemoteSwiftPackageReference "chesskit-swift" */;
			productName = ChessKit;
		};
		B6BFA55E2CB7062000F1DA5F /* FirebaseAuth */ = {
			isa = XCSwiftPackageProductDependency;
			package = B6BFA55D2CB7062000F1DA5F /* XCRemoteSwiftPackageReference "firebase-ios-sdk" */;
			productName = FirebaseAuth;
		};
		B6BFA5602CB7062000F1DA5F /* FirebaseAuthCombine-Community */ = {
			isa = XCSwiftPackageProductDependency;
			package = B6BFA55D2CB7062000F1DA5F /* XCRemoteSwiftPackageReference "firebase-ios-sdk" */;
			productName = "FirebaseAuthCombine-Community";
		};
		B6BFA5622CB7062000F1DA5F /* FirebaseCore */ = {
			isa = XCSwiftPackageProductDependency;
			package = B6BFA55D2CB7062000F1DA5F /* XCRemoteSwiftPackageReference "firebase-ios-sdk" */;
			productName = FirebaseCore;
		};
		B6BFA5642CB7062000F1DA5F /* FirebaseDatabase */ = {
			isa = XCSwiftPackageProductDependency;
			package = B6BFA55D2CB7062000F1DA5F /* XCRemoteSwiftPackageReference "firebase-ios-sdk" */;
			productName = FirebaseDatabase;
		};
		B6BFA5662CB7062000F1DA5F /* FirebaseFirestore */ = {
			isa = XCSwiftPackageProductDependency;
			package = B6BFA55D2CB7062000F1DA5F /* XCRemoteSwiftPackageReference "firebase-ios-sdk" */;
			productName = FirebaseFirestore;
		};
		B6BFA5682CB7062000F1DA5F /* FirebaseFirestoreCombine-Community */ = {
			isa = XCSwiftPackageProductDependency;
			package = B6BFA55D2CB7062000F1DA5F /* XCRemoteSwiftPackageReference "firebase-ios-sdk" */;
			productName = "FirebaseFirestoreCombine-Community";
		};
		B6BFA56A2CB7062000F1DA5F /* FirebaseFunctions */ = {
			isa = XCSwiftPackageProductDependency;
			package = B6BFA55D2CB7062000F1DA5F /* XCRemoteSwiftPackageReference "firebase-ios-sdk" */;
			productName = FirebaseFunctions;
		};
		B6BFA56C2CB7062000F1DA5F /* FirebaseStorage */ = {
			isa = XCSwiftPackageProductDependency;
			package = B6BFA55D2CB7062000F1DA5F /* XCRemoteSwiftPackageReference "firebase-ios-sdk" */;
			productName = FirebaseStorage;
		};
		B6BFA56E2CB7062000F1DA5F /* FirebaseStorageCombine-Community */ = {
			isa = XCSwiftPackageProductDependency;
			package = B6BFA55D2CB7062000F1DA5F /* XCRemoteSwiftPackageReference "firebase-ios-sdk" */;
			productName = "FirebaseStorageCombine-Community";
		};
/* End XCSwiftPackageProductDependency section */
	};
	rootObject = DB146E3E2CA5A10C00A145B7 /* Project object */;
}
